{
  "pins" : [
    {
      "identity" : "maplibre-gl-native-distribution",
      "kind" : "remoteSourceControl",
      "location" : "https://github.com/maplibre/maplibre-gl-native-distribution",
      "state" : {
        "revision" : "be0696007ca8b350faa0e5968c0d6397d59db415",
        "version" : "6.26.0"
      }
    }
  ],
  "version" : 2
}
